
Microsoft Visual Studio Solution File, Format Version 12.00
Project("{FAE04EC0-301F-11D3-BF4B-00C04F79EFBC}") = "ControlUnit", "ControlUnit\ControlUnit.csproj", "{265DD76E-E5B2-42B2-A022-31025AF542DB}"
EndProject
Global
	GlobalSection(SolutionConfigurationPlatforms) = preSolution
		Debug|Any CPU = Debug|Any CPU
		Release|Any CPU = Release|Any CPU
	EndGlobalSection
	GlobalSection(ProjectConfigurationPlatforms) = postSolution
		{265DD76E-E5B2-42B2-A022-31025AF542DB}.Debug|Any CPU.ActiveCfg = Debug|Any CPU
		{265DD76E-E5B2-42B2-A022-31025AF542DB}.Debug|Any CPU.Build.0 = Debug|Any CPU
		{265DD76E-E5B2-42B2-A022-31025AF542DB}.Release|Any CPU.ActiveCfg = Release|Any CPU
		{265DD76E-E5B2-42B2-A022-31025AF542DB}.Release|Any CPU.Build.0 = Release|Any CPU
	EndGlobalSection
EndGlobal
