
Microsoft Visual Studio Solution File, Format Version 12.00
Project("{FAE04EC0-301F-11D3-BF4B-00C04F79EFBC}") = "ControlUnit", "ControlUnit\ControlUnit.csproj", "{265DD76E-E5B2-42B2-A022-31025AF542DB}"
EndProject
Project("{FAE04EC0-301F-11D3-BF4B-00C04F79EFBC}") = "ER_NET", "..\ER_NET\ER_NET\ER_NET.csproj", "{E8B547B6-46A8-402F-A35C-EFFAA6C0ACA1}"
EndProject
Project("{FAE04EC0-301F-11D3-BF4B-00C04F79EFBC}") = "ER_NET_tests", "..\ER_NET\ER_NET_tests\ER_NET_tests.csproj", "{DD6B9C1F-B1F6-4985-AED9-36D81AE87D02}"
EndProject
Global
	GlobalSection(SolutionConfigurationPlatforms) = preSolution
		Debug|Any CPU = Debug|Any CPU
		Release|Any CPU = Release|Any CPU
	EndGlobalSection
	GlobalSection(ProjectConfigurationPlatforms) = postSolution
		{265DD76E-E5B2-42B2-A022-31025AF542DB}.Debug|Any CPU.ActiveCfg = Debug|Any CPU
		{265DD76E-E5B2-42B2-A022-31025AF542DB}.Debug|Any CPU.Build.0 = Debug|Any CPU
		{265DD76E-E5B2-42B2-A022-31025AF542DB}.Release|Any CPU.ActiveCfg = Release|Any CPU
		{265DD76E-E5B2-42B2-A022-31025AF542DB}.Release|Any CPU.Build.0 = Release|Any CPU
		{E8B547B6-46A8-402F-A35C-EFFAA6C0ACA1}.Debug|Any CPU.ActiveCfg = Debug|Any CPU
		{E8B547B6-46A8-402F-A35C-EFFAA6C0ACA1}.Debug|Any CPU.Build.0 = Debug|Any CPU
		{E8B547B6-46A8-402F-A35C-EFFAA6C0ACA1}.Release|Any CPU.ActiveCfg = Release|Any CPU
		{E8B547B6-46A8-402F-A35C-EFFAA6C0ACA1}.Release|Any CPU.Build.0 = Release|Any CPU
		{DD6B9C1F-B1F6-4985-AED9-36D81AE87D02}.Debug|Any CPU.ActiveCfg = Debug|Any CPU
		{DD6B9C1F-B1F6-4985-AED9-36D81AE87D02}.Debug|Any CPU.Build.0 = Debug|Any CPU
		{DD6B9C1F-B1F6-4985-AED9-36D81AE87D02}.Release|Any CPU.ActiveCfg = Release|Any CPU
		{DD6B9C1F-B1F6-4985-AED9-36D81AE87D02}.Release|Any CPU.Build.0 = Release|Any CPU
	EndGlobalSection
EndGlobal
